
Microsoft Visual Studio Solution File, Format Version 12.00
# Visual Studio Version 17
VisualStudioVersion = 17.9.34723.18
MinimumVisualStudioVersion = 10.0.40219.1
Project("{9A19103F-16F7-4668-BE54-9A1E7A4F7556}") = "BookManagement", "BookManagement\BookManagement.csproj", "{A40A3205-D990-4E37-A127-5F675ECDCBCD}"
EndProject
Project("{9A19103F-16F7-4668-BE54-9A1E7A4F7556}") = "BookManagement.Test", "BookManagement.Test\BookManagement.Test.csproj", "{8976A8F5-1A8C-4D96-A74A-36E50A447686}"
EndProject
Global
	GlobalSection(SolutionConfigurationPlatforms) = preSolution
		Debug|Any CPU = Debug|Any CPU
		Release|Any CPU = Release|Any CPU
	EndGlobalSection
	GlobalSection(ProjectConfigurationPlatforms) = postSolution
		{A40A3205-D990-4E37-A127-5F675ECDCBCD}.Debug|Any CPU.ActiveCfg = Debug|Any CPU
		{A40A3205-D990-4E37-A127-5F675ECDCBCD}.Debug|Any CPU.Build.0 = Debug|Any CPU
		{A40A3205-D990-4E37-A127-5F675ECDCBCD}.Release|Any CPU.ActiveCfg = Release|Any CPU
		{A40A3205-D990-4E37-A127-5F675ECDCBCD}.Release|Any CPU.Build.0 = Release|Any CPU
		{8976A8F5-1A8C-4D96-A74A-36E50A447686}.Debug|Any CPU.ActiveCfg = Debug|Any CPU
		{8976A8F5-1A8C-4D96-A74A-36E50A447686}.Debug|Any CPU.Build.0 = Debug|Any CPU
		{8976A8F5-1A8C-4D96-A74A-36E50A447686}.Release|Any CPU.ActiveCfg = Release|Any CPU
		{8976A8F5-1A8C-4D96-A74A-36E50A447686}.Release|Any CPU.Build.0 = Release|Any CPU
	EndGlobalSection
	GlobalSection(SolutionProperties) = preSolution
		HideSolutionNode = FALSE
	EndGlobalSection
	GlobalSection(ExtensibilityGlobals) = postSolution
		SolutionGuid = {DB00BFB5-518E-4D44-A9B2-4E1577A7F47D}
	EndGlobalSection
EndGlobal
